# This file is automatically @generated by Cargo.
# It is not intended for manual editing.
version = 4

[[package]]
name = "fixture-bin"
version = "0.1.0"
dependencies = [
 "used-core",
 "used-util",
]

[[package]]
name = "unused-pkg-01"
version = "0.1.0"

[[package]]
name = "unused-pkg-02"
version = "0.1.0"

[[package]]
name = "unused-pkg-03"
version = "0.1.0"

[[package]]
name = "unused-pkg-04"
version = "0.1.0"

[[package]]
name = "unused-pkg-05"
version = "0.1.0"

[[package]]
name = "unused-pkg-06"
version = "0.1.0"

[[package]]
name = "unused-pkg-07"
version = "0.1.0"

[[package]]
name = "unused-pkg-08"
version = "0.1.0"

[[package]]
name = "unused-pkg-09"
version = "0.1.0"

[[package]]
name = "unused-pkg-10"
version = "0.1.0"

[[package]]
name = "unused-pkg-11"
version = "0.1.0"

[[package]]
name = "unused-pkg-12"
version = "0.1.0"

[[package]]
name = "unused-pkg-13"
version = "0.1.0"

[[package]]
name = "unused-pkg-14"
version = "0.1.0"

[[package]]
name = "unused-pkg-15"
version = "0.1.0"

[[package]]
name = "unused-pkg-16"
version = "0.1.0"

[[package]]
name = "unused-pkg-17"
version = "0.1.0"

[[package]]
name = "unused-pkg-18"
version = "0.1.0"

[[package]]
name = "unused-pkg-19"
version = "0.1.0"

[[package]]
name = "unused-pkg-20"
version = "0.1.0"

[[package]]
name = "unused-pkg-21"
version = "0.1.0"

[[package]]
name = "unused-pkg-22"
version = "0.1.0"

[[package]]
name = "unused-pkg-23"
version = "0.1.0"

[[package]]
name = "unused-pkg-24"
version = "0.1.0"

[[package]]
name = "unused-pkg-25"
version = "0.1.0"

[[package]]
name = "unused-pkg-26"
version = "0.1.0"
dependencies = [
 "unused-pkg-27",
]

[[package]]
name = "unused-pkg-27"
version = "0.1.0"
dependencies = [
 "unused-pkg-28",
]

[[package]]
name = "unused-pkg-28"
version = "0.1.0"
dependencies = [
 "unused-pkg-29",
]

[[package]]
name = "unused-pkg-29"
version = "0.1.0"
dependencies = [
 "unused-pkg-30",
]

[[package]]
name = "unused-pkg-30"
version = "0.1.0"

[[package]]
name = "used-core"
version = "0.1.0"

[[package]]
name = "used-util"
version = "0.1.0"
