# This file is automatically @generated by Cargo.
# It is not intended for manual editing.
version = 4

[[package]]
name = "aggregator-large"
version = "0.1.0"
dependencies = [
 "leaf-set-large",
 "stage-16",
]

[[package]]
name = "aggregator-medium"
version = "0.1.0"
dependencies = [
 "leaf-a-medium",
 "leaf-b-medium",
 "leaf-c-medium",
 "leaf-matrix-sum-medium",
 "stage-08",
]

[[package]]
name = "aggregator-small"
version = "0.1.0"
dependencies = [
 "leaf-a-small",
 "leaf-b-small",
 "stage-04",
]

[[package]]
name = "leaf-a-core"
version = "0.1.0"

[[package]]
name = "leaf-a-medium"
version = "0.1.0"
dependencies = [
 "leaf-a-core",
 "stage-04",
]

[[package]]
name = "leaf-a-small"
version = "0.1.0"
dependencies = [
 "leaf-a-core",
 "stage-02",
]

[[package]]
name = "leaf-b-core"
version = "0.1.0"

[[package]]
name = "leaf-b-medium"
version = "0.1.0"
dependencies = [
 "leaf-b-core",
 "stage-04",
]

[[package]]
name = "leaf-b-small"
version = "0.1.0"
dependencies = [
 "leaf-b-core",
 "stage-02",
]

[[package]]
name = "leaf-c-core"
version = "0.1.0"

[[package]]
name = "leaf-c-medium"
version = "0.1.0"
dependencies = [
 "leaf-c-core",
 "stage-04",
]

[[package]]
name = "leaf-matrix-sum-core"
version = "0.1.0"

[[package]]
name = "leaf-matrix-sum-medium"
version = "0.1.0"
dependencies = [
 "leaf-matrix-sum-core",
 "stage-04",
]

[[package]]
name = "leaf-set-large"
version = "0.1.0"
dependencies = [
 "leaf-a-core",
 "leaf-b-core",
 "leaf-c-core",
 "leaf-matrix-sum-core",
 "stage-08",
]

[[package]]
name = "stage-01"
version = "0.1.0"

[[package]]
name = "stage-02"
version = "0.1.0"
dependencies = [
 "stage-01",
]

[[package]]
name = "stage-03"
version = "0.1.0"
dependencies = [
 "stage-02",
]

[[package]]
name = "stage-04"
version = "0.1.0"
dependencies = [
 "stage-03",
]

[[package]]
name = "stage-05"
version = "0.1.0"
dependencies = [
 "stage-04",
]

[[package]]
name = "stage-06"
version = "0.1.0"
dependencies = [
 "stage-05",
]

[[package]]
name = "stage-07"
version = "0.1.0"
dependencies = [
 "stage-06",
]

[[package]]
name = "stage-08"
version = "0.1.0"
dependencies = [
 "stage-07",
]

[[package]]
name = "stage-09"
version = "0.1.0"
dependencies = [
 "stage-08",
]

[[package]]
name = "stage-10"
version = "0.1.0"
dependencies = [
 "stage-09",
]

[[package]]
name = "stage-11"
version = "0.1.0"
dependencies = [
 "stage-10",
]

[[package]]
name = "stage-12"
version = "0.1.0"
dependencies = [
 "stage-11",
]

[[package]]
name = "stage-13"
version = "0.1.0"
dependencies = [
 "stage-12",
]

[[package]]
name = "stage-14"
version = "0.1.0"
dependencies = [
 "stage-13",
]

[[package]]
name = "stage-15"
version = "0.1.0"
dependencies = [
 "stage-14",
]

[[package]]
name = "stage-16"
version = "0.1.0"
dependencies = [
 "stage-15",
]
