# This file is automatically @generated by Cargo.
# It is not intended for manual editing.
version = 4

[[package]]
name = "aggregator"
version = "0.1.0"
dependencies = [
 "leaf-binary-search",
 "leaf-bubble-sort",
 "leaf-factorial",
 "leaf-fibonacci",
 "leaf-gcd",
 "leaf-matrix-sum",
 "leaf-palindrome",
 "leaf-sum-of-squares",
]

[[package]]
name = "leaf-binary-search"
version = "0.1.0"

[[package]]
name = "leaf-bubble-sort"
version = "0.1.0"

[[package]]
name = "leaf-factorial"
version = "0.1.0"

[[package]]
name = "leaf-fibonacci"
version = "0.1.0"

[[package]]
name = "leaf-gcd"
version = "0.1.0"

[[package]]
name = "leaf-matrix-sum"
version = "0.1.0"

[[package]]
name = "leaf-palindrome"
version = "0.1.0"

[[package]]
name = "leaf-sum-of-squares"
version = "0.1.0"
