# This file is automatically @generated by Cargo.
# It is not intended for manual editing.
version = 4

[[package]]
name = "aggregator"
version = "0.1.0"
dependencies = [
 "leaf-a",
 "leaf-b",
 "leaf-c",
]

[[package]]
name = "leaf-a"
version = "0.1.0"

[[package]]
name = "leaf-b"
version = "0.1.0"

[[package]]
name = "leaf-c"
version = "0.1.0"
