# This file is automatically @generated by Cargo.
# It is not intended for manual editing.
version = 4

[[package]]
name = "fixture-bin"
version = "0.1.0"
dependencies = [
 "used-core",
 "used-util",
]

[[package]]
name = "unused-pkg-01"
version = "0.1.0"

[[package]]
name = "unused-pkg-02"
version = "0.1.0"

[[package]]
name = "unused-pkg-03"
version = "0.1.0"

[[package]]
name = "unused-pkg-04"
version = "0.1.0"

[[package]]
name = "unused-pkg-05"
version = "0.1.0"

[[package]]
name = "unused-pkg-06"
version = "0.1.0"

[[package]]
name = "unused-pkg-07"
version = "0.1.0"

[[package]]
name = "unused-pkg-08"
version = "0.1.0"
dependencies = [
 "unused-pkg-09",
]

[[package]]
name = "unused-pkg-09"
version = "0.1.0"
dependencies = [
 "unused-pkg-10",
]

[[package]]
name = "unused-pkg-10"
version = "0.1.0"

[[package]]
name = "used-core"
version = "0.1.0"

[[package]]
name = "used-util"
version = "0.1.0"
