# This file is automatically @generated by Cargo.
# It is not intended for manual editing.
version = 4

[[package]]
name = "fixture-bin"
version = "0.1.0"
dependencies = [
 "stage-12",
]

[[package]]
name = "stage-01"
version = "0.1.0"

[[package]]
name = "stage-02"
version = "0.1.0"
dependencies = [
 "stage-01",
]

[[package]]
name = "stage-03"
version = "0.1.0"
dependencies = [
 "stage-02",
]

[[package]]
name = "stage-04"
version = "0.1.0"
dependencies = [
 "stage-03",
]

[[package]]
name = "stage-05"
version = "0.1.0"
dependencies = [
 "stage-04",
]

[[package]]
name = "stage-06"
version = "0.1.0"
dependencies = [
 "stage-05",
]

[[package]]
name = "stage-07"
version = "0.1.0"
dependencies = [
 "stage-06",
]

[[package]]
name = "stage-08"
version = "0.1.0"
dependencies = [
 "stage-07",
]

[[package]]
name = "stage-09"
version = "0.1.0"
dependencies = [
 "stage-08",
]

[[package]]
name = "stage-10"
version = "0.1.0"
dependencies = [
 "stage-09",
]

[[package]]
name = "stage-11"
version = "0.1.0"
dependencies = [
 "stage-10",
]

[[package]]
name = "stage-12"
version = "0.1.0"
dependencies = [
 "stage-11",
]
